
Microsoft Visual Studio Solution File, Format Version 12.00
# Visual Studio 2013
VisualStudioVersion = 12.0.21005.1
MinimumVisualStudioVersion = 10.0.40219.1
Project("{FAE04EC0-301F-11D3-BF4B-00C04F79EFBC}") = "StringCalculator", "StringCalculator\StringCalculator.csproj", "{659422F1-CCCE-4D2B-AD00-BCACE22E4026}"
EndProject
Project("{FAE04EC0-301F-11D3-BF4B-00C04F79EFBC}") = "StringCalculator.tests", "StringCalculator.tests\StringCalculator.tests.csproj", "{C319CAB5-94FE-48E7-9F9A-EFA9838F5C00}"
EndProject
Project("{FAE04EC0-301F-11D3-BF4B-00C04F79EFBC}") = "StringCalculator.UI", "StringCalculator.UI\StringCalculator.UI.csproj", "{CCE494C8-7D63-4268-B0D3-2DE474E76F01}"
EndProject
Global
	GlobalSection(SolutionConfigurationPlatforms) = preSolution
		Debug|Any CPU = Debug|Any CPU
		Release|Any CPU = Release|Any CPU
	EndGlobalSection
	GlobalSection(ProjectConfigurationPlatforms) = postSolution
		{659422F1-CCCE-4D2B-AD00-BCACE22E4026}.Debug|Any CPU.ActiveCfg = Debug|Any CPU
		{659422F1-CCCE-4D2B-AD00-BCACE22E4026}.Debug|Any CPU.Build.0 = Debug|Any CPU
		{659422F1-CCCE-4D2B-AD00-BCACE22E4026}.Release|Any CPU.ActiveCfg = Release|Any CPU
		{659422F1-CCCE-4D2B-AD00-BCACE22E4026}.Release|Any CPU.Build.0 = Release|Any CPU
		{C319CAB5-94FE-48E7-9F9A-EFA9838F5C00}.Debug|Any CPU.ActiveCfg = Debug|Any CPU
		{C319CAB5-94FE-48E7-9F9A-EFA9838F5C00}.Debug|Any CPU.Build.0 = Debug|Any CPU
		{C319CAB5-94FE-48E7-9F9A-EFA9838F5C00}.Release|Any CPU.ActiveCfg = Release|Any CPU
		{C319CAB5-94FE-48E7-9F9A-EFA9838F5C00}.Release|Any CPU.Build.0 = Release|Any CPU
		{CCE494C8-7D63-4268-B0D3-2DE474E76F01}.Debug|Any CPU.ActiveCfg = Debug|Any CPU
		{CCE494C8-7D63-4268-B0D3-2DE474E76F01}.Debug|Any CPU.Build.0 = Debug|Any CPU
		{CCE494C8-7D63-4268-B0D3-2DE474E76F01}.Release|Any CPU.ActiveCfg = Release|Any CPU
		{CCE494C8-7D63-4268-B0D3-2DE474E76F01}.Release|Any CPU.Build.0 = Release|Any CPU
	EndGlobalSection
	GlobalSection(SolutionProperties) = preSolution
		HideSolutionNode = FALSE
	EndGlobalSection
EndGlobal
