
Microsoft Visual Studio Solution File, Format Version 12.00
# Visual Studio 2013
VisualStudioVersion = 12.0.21005.1
MinimumVisualStudioVersion = 10.0.40219.1
Project("{FAE04EC0-301F-11D3-BF4B-00C04F79EFBC}") = "HelloWorldSample", "HelloWorldSample\HelloWorldSample.csproj", "{8E9A8D8F-CCAE-45AE-A25E-8769FF36579B}"
EndProject
Project("{FAE04EC0-301F-11D3-BF4B-00C04F79EFBC}") = "HelloWorld.Solution", "HelloWorld.Solution\HelloWorld.Solution.csproj", "{2629205D-F8EF-493C-8A76-15A5842BF82E}"
EndProject
Global
	GlobalSection(SolutionConfigurationPlatforms) = preSolution
		Debug|Any CPU = Debug|Any CPU
		Release|Any CPU = Release|Any CPU
	EndGlobalSection
	GlobalSection(ProjectConfigurationPlatforms) = postSolution
		{8E9A8D8F-CCAE-45AE-A25E-8769FF36579B}.Debug|Any CPU.ActiveCfg = Debug|Any CPU
		{8E9A8D8F-CCAE-45AE-A25E-8769FF36579B}.Debug|Any CPU.Build.0 = Debug|Any CPU
		{8E9A8D8F-CCAE-45AE-A25E-8769FF36579B}.Release|Any CPU.ActiveCfg = Release|Any CPU
		{8E9A8D8F-CCAE-45AE-A25E-8769FF36579B}.Release|Any CPU.Build.0 = Release|Any CPU
		{2629205D-F8EF-493C-8A76-15A5842BF82E}.Debug|Any CPU.ActiveCfg = Debug|Any CPU
		{2629205D-F8EF-493C-8A76-15A5842BF82E}.Debug|Any CPU.Build.0 = Debug|Any CPU
		{2629205D-F8EF-493C-8A76-15A5842BF82E}.Release|Any CPU.ActiveCfg = Release|Any CPU
		{2629205D-F8EF-493C-8A76-15A5842BF82E}.Release|Any CPU.Build.0 = Release|Any CPU
	EndGlobalSection
	GlobalSection(SolutionProperties) = preSolution
		HideSolutionNode = FALSE
	EndGlobalSection
EndGlobal
